// !$*UTF8*$!
{
	archiveVersion = 1;
	classes = {
	};
	objectVersion = 48;
	objects = {

/* Begin PBXBuildFile section */
		FC5532871FA5524B007D7E20 /* AppDelegate.swift in Sources */ = {isa = PBXBuildFile; fileRef = FC5532861FA5524B007D7E20 /* AppDelegate.swift */; };
		FC5532891FA5524B007D7E20 /* RootViewController.swift in Sources */ = {isa = PBXBuildFile; fileRef = FC5532881FA5524B007D7E20 /* RootViewController.swift */; };
		FC55328B1FA5524B007D7E20 /* DataViewController.swift in Sources */ = {isa = PBXBuildFile; fileRef = FC55328A1FA5524B007D7E20 /* DataViewController.swift */; };
		FC55328D1FA5524B007D7E20 /* ModelController.swift in Sources */ = {isa = PBXBuildFile; fileRef = FC55328C1FA5524B007D7E20 /* ModelController.swift */; };
		FC5532901FA5524B007D7E20 /* Main.storyboard in Resources */ = {isa = PBXBuildFile; fileRef = FC55328E1FA5524B007D7E20 /* Main.storyboard */; };
		FC5532921FA5524B007D7E20 /* Assets.xcassets in Resources */ = {isa = PBXBuildFile; fileRef = FC5532911FA5524B007D7E20 /* Assets.xcassets */; };
		FC5532951FA5524B007D7E20 /* LaunchScreen.storyboard in Resources */ = {isa = PBXBuildFile; fileRef = FC5532931FA5524B007D7E20 /* LaunchScreen.storyboard */; };
		FC5532A01FA5524B007D7E20 /* ArticulateTests.swift in Sources */ = {isa = PBXBuildFile; fileRef = FC55329F1FA5524B007D7E20 /* ArticulateTests.swift */; };
		FC5532AB1FA5524B007D7E20 /* ArticulateUITests.swift in Sources */ = {isa = PBXBuildFile; fileRef = FC5532AA1FA5524B007D7E20 /* ArticulateUITests.swift */; };
/* End PBXBuildFile section */

/* Begin PBXContainerItemProxy section */
		FC55329C1FA5524B007D7E20 /* PBXContainerItemProxy */ = {
			isa = PBXContainerItemProxy;
			containerPortal = FC55327B1FA5524B007D7E20 /* Project object */;
			proxyType = 1;
			remoteGlobalIDString = FC5532821FA5524B007D7E20;
			remoteInfo = Articulate;
		};
		FC5532A71FA5524B007D7E20 /* PBXContainerItemProxy */ = {
			isa = PBXContainerItemProxy;
			containerPortal = FC55327B1FA5524B007D7E20 /* Project object */;
			proxyType = 1;
			remoteGlobalIDString = FC5532821FA5524B007D7E20;
			remoteInfo = Articulate;
		};
/* End PBXContainerItemProxy section */

/* Begin PBXFileReference section */
		FC5532831FA5524B007D7E20 /* Articulate.app */ = {isa = PBXFileReference; explicitFileType = wrapper.application; includeInIndex = 0; path = Articulate.app; sourceTree = BUILT_PRODUCTS_DIR; };
		FC5532861FA5524B007D7E20 /* AppDelegate.swift */ = {isa = PBXFileReference; lastKnownFileType = sourcecode.swift; path = AppDelegate.swift; sourceTree = "<group>"; };
		FC5532881FA5524B007D7E20 /* RootViewController.swift */ = {isa = PBXFileReference; lastKnownFileType = sourcecode.swift; path = RootViewController.swift; sourceTree = "<group>"; };
		FC55328A1FA5524B007D7E20 /* DataViewController.swift */ = {isa = PBXFileReference; lastKnownFileType = sourcecode.swift; path = DataViewController.swift; sourceTree = "<group>"; };
		FC55328C1FA5524B007D7E20 /* ModelController.swift */ = {isa = PBXFileReference; lastKnownFileType = sourcecode.swift; path = ModelController.swift; sourceTree = "<group>"; };
		FC55328F1FA5524B007D7E20 /* Base */ = {isa = PBXFileReference; lastKnownFileType = file.storyboard; name = Base; path = Base.lproj/Main.storyboard; sourceTree = "<group>"; };
		FC5532911FA5524B007D7E20 /* Assets.xcassets */ = {isa = PBXFileReference; lastKnownFileType = folder.assetcatalog; path = Assets.xcassets; sourceTree = "<group>"; };
		FC5532941FA5524B007D7E20 /* Base */ = {isa = PBXFileReference; lastKnownFileType = file.storyboard; name = Base; path = Base.lproj/LaunchScreen.storyboard; sourceTree = "<group>"; };
		FC5532961FA5524B007D7E20 /* Info.plist */ = {isa = PBXFileReference; lastKnownFileType = text.plist.xml; path = Info.plist; sourceTree = "<group>"; };
		FC55329B1FA5524B007D7E20 /* ArticulateTests.xctest */ = {isa = PBXFileReference; explicitFileType = wrapper.cfbundle; includeInIndex = 0; path = ArticulateTests.xctest; sourceTree = BUILT_PRODUCTS_DIR; };
		FC55329F1FA5524B007D7E20 /* ArticulateTests.swift */ = {isa = PBXFileReference; lastKnownFileType = sourcecode.swift; path = ArticulateTests.swift; sourceTree = "<group>"; };
		FC5532A11FA5524B007D7E20 /* Info.plist */ = {isa = PBXFileReference; lastKnownFileType = text.plist.xml; path = Info.plist; sourceTree = "<group>"; };
		FC5532A61FA5524B007D7E20 /* ArticulateUITests.xctest */ = {isa = PBXFileReference; explicitFileType = wrapper.cfbundle; includeInIndex = 0; path = ArticulateUITests.xctest; sourceTree = BUILT_PRODUCTS_DIR; };
		FC5532AA1FA5524B007D7E20 /* ArticulateUITests.swift */ = {isa = PBXFileReference; lastKnownFileType = sourcecode.swift; path = ArticulateUITests.swift; sourceTree = "<group>"; };
		FC5532AC1FA5524B007D7E20 /* Info.plist */ = {isa = PBXFileReference; lastKnownFileType = text.plist.xml; path = Info.plist; sourceTree = "<group>"; };
/* End PBXFileReference section */

/* Begin PBXFrameworksBuildPhase section */
		FC5532801FA5524B007D7E20 /* Frameworks */ = {
			isa = PBXFrameworksBuildPhase;
			buildActionMask = 2147483647;
			files = (
			);
			runOnlyForDeploymentPostprocessing = 0;
		};
		FC5532981FA5524B007D7E20 /* Frameworks */ = {
			isa = PBXFrameworksBuildPhase;
			buildActionMask = 2147483647;
			files = (
			);
			runOnlyForDeploymentPostprocessing = 0;
		};
		FC5532A31FA5524B007D7E20 /* Frameworks */ = {
			isa = PBXFrameworksBuildPhase;
			buildActionMask = 2147483647;
			files = (
			);
			runOnlyForDeploymentPostprocessing = 0;
		};
/* End PBXFrameworksBuildPhase section */

/* Begin PBXGroup section */
		FC55327A1FA5524A007D7E20 = {
			isa = PBXGroup;
			children = (
				FC5532851FA5524B007D7E20 /* Articulate */,
				FC55329E1FA5524B007D7E20 /* ArticulateTests */,
				FC5532A91FA5524B007D7E20 /* ArticulateUITests */,
				FC5532841FA5524B007D7E20 /* Products */,
			);
			sourceTree = "<group>";
		};
		FC5532841FA5524B007D7E20 /* Products */ = {
			isa = PBXGroup;
			children = (
				FC5532831FA5524B007D7E20 /* Articulate.app */,
				FC55329B1FA5524B007D7E20 /* ArticulateTests.xctest */,
				FC5532A61FA5524B007D7E20 /* ArticulateUITests.xctest */,
			);
			name = Products;
			sourceTree = "<group>";
		};
		FC5532851FA5524B007D7E20 /* Articulate */ = {
			isa = PBXGroup;
			children = (
				FC5532861FA5524B007D7E20 /* AppDelegate.swift */,
				FC5532881FA5524B007D7E20 /* RootViewController.swift */,
				FC55328A1FA5524B007D7E20 /* DataViewController.swift */,
				FC55328C1FA5524B007D7E20 /* ModelController.swift */,
				FC55328E1FA5524B007D7E20 /* Main.storyboard */,
				FC5532911FA5524B007D7E20 /* Assets.xcassets */,
				FC5532931FA5524B007D7E20 /* LaunchScreen.storyboard */,
				FC5532961FA5524B007D7E20 /* Info.plist */,
			);
			path = Articulate;
			sourceTree = "<group>";
		};
		FC55329E1FA5524B007D7E20 /* ArticulateTests */ = {
			isa = PBXGroup;
			children = (
				FC55329F1FA5524B007D7E20 /* ArticulateTests.swift */,
				FC5532A11FA5524B007D7E20 /* Info.plist */,
			);
			path = ArticulateTests;
			sourceTree = "<group>";
		};
		FC5532A91FA5524B007D7E20 /* ArticulateUITests */ = {
			isa = PBXGroup;
			children = (
				FC5532AA1FA5524B007D7E20 /* ArticulateUITests.swift */,
				FC5532AC1FA5524B007D7E20 /* Info.plist */,
			);
			path = ArticulateUITests;
			sourceTree = "<group>";
		};
/* End PBXGroup section */

/* Begin PBXNativeTarget section */
		FC5532821FA5524B007D7E20 /* Articulate */ = {
			isa = PBXNativeTarget;
			buildConfigurationList = FC5532AF1FA5524B007D7E20 /* Build configuration list for PBXNativeTarget "Articulate" */;
			buildPhases = (
				FC55327F1FA5524B007D7E20 /* Sources */,
				FC5532801FA5524B007D7E20 /* Frameworks */,
				FC5532811FA5524B007D7E20 /* Resources */,
			);
			buildRules = (
			);
			dependencies = (
			);
			name = Articulate;
			productName = Articulate;
			productReference = FC5532831FA5524B007D7E20 /* Articulate.app */;
			productType = "com.apple.product-type.application";
		};
		FC55329A1FA5524B007D7E20 /* ArticulateTests */ = {
			isa = PBXNativeTarget;
			buildConfigurationList = FC5532B21FA5524B007D7E20 /* Build configuration list for PBXNativeTarget "ArticulateTests" */;
			buildPhases = (
				FC5532971FA5524B007D7E20 /* Sources */,
				FC5532981FA5524B007D7E20 /* Frameworks */,
				FC5532991FA5524B007D7E20 /* Resources */,
			);
			buildRules = (
			);
			dependencies = (
				FC55329D1FA5524B007D7E20 /* PBXTargetDependency */,
			);
			name = ArticulateTests;
			productName = ArticulateTests;
			productReference = FC55329B1FA5524B007D7E20 /* ArticulateTests.xctest */;
			productType = "com.apple.product-type.bundle.unit-test";
		};
		FC5532A51FA5524B007D7E20 /* ArticulateUITests */ = {
			isa = PBXNativeTarget;
			buildConfigurationList = FC5532B51FA5524B007D7E20 /* Build configuration list for PBXNativeTarget "ArticulateUITests" */;
			buildPhases = (
				FC5532A21FA5524B007D7E20 /* Sources */,
				FC5532A31FA5524B007D7E20 /* Frameworks */,
				FC5532A41FA5524B007D7E20 /* Resources */,
			);
			buildRules = (
			);
			dependencies = (
				FC5532A81FA5524B007D7E20 /* PBXTargetDependency */,
			);
			name = ArticulateUITests;
			productName = ArticulateUITests;
			productReference = FC5532A61FA5524B007D7E20 /* ArticulateUITests.xctest */;
			productType = "com.apple.product-type.bundle.ui-testing";
		};
/* End PBXNativeTarget section */

/* Begin PBXProject section */
		FC55327B1FA5524B007D7E20 /* Project object */ = {
			isa = PBXProject;
			attributes = {
				LastSwiftUpdateCheck = 0900;
				LastUpgradeCheck = 0900;
				ORGANIZATIONNAME = Articulate;
				TargetAttributes = {
					FC5532821FA5524B007D7E20 = {
						CreatedOnToolsVersion = 9.0.1;
						ProvisioningStyle = Automatic;
					};
					FC55329A1FA5524B007D7E20 = {
						CreatedOnToolsVersion = 9.0.1;
						ProvisioningStyle = Automatic;
						TestTargetID = FC5532821FA5524B007D7E20;
					};
					FC5532A51FA5524B007D7E20 = {
						CreatedOnToolsVersion = 9.0.1;
						ProvisioningStyle = Automatic;
						TestTargetID = FC5532821FA5524B007D7E20;
					};
				};
			};
			buildConfigurationList = FC55327E1FA5524B007D7E20 /* Build configuration list for PBXProject "Articulate" */;
			compatibilityVersion = "Xcode 8.0";
			developmentRegion = en;
			hasScannedForEncodings = 0;
			knownRegions = (
				en,
				Base,
			);
			mainGroup = FC55327A1FA5524A007D7E20;
			productRefGroup = FC5532841FA5524B007D7E20 /* Products */;
			projectDirPath = "";
			projectRoot = "";
			targets = (
				FC5532821FA5524B007D7E20 /* Articulate */,
				FC55329A1FA5524B007D7E20 /* ArticulateTests */,
				FC5532A51FA5524B007D7E20 /* ArticulateUITests */,
			);
		};
/* End PBXProject section */

/* Begin PBXResourcesBuildPhase section */
		FC5532811FA5524B007D7E20 /* Resources */ = {
			isa = PBXResourcesBuildPhase;
			buildActionMask = 2147483647;
			files = (
				FC5532951FA5524B007D7E20 /* LaunchScreen.storyboard in Resources */,
				FC5532921FA5524B007D7E20 /* Assets.xcassets in Resources */,
				FC5532901FA5524B007D7E20 /* Main.storyboard in Resources */,
			);
			runOnlyForDeploymentPostprocessing = 0;
		};
		FC5532991FA5524B007D7E20 /* Resources */ = {
			isa = PBXResourcesBuildPhase;
			buildActionMask = 2147483647;
			files = (
			);
			runOnlyForDeploymentPostprocessing = 0;
		};
		FC5532A41FA5524B007D7E20 /* Resources */ = {
			isa = PBXResourcesBuildPhase;
			buildActionMask = 2147483647;
			files = (
			);
			runOnlyForDeploymentPostprocessing = 0;
		};
/* End PBXResourcesBuildPhase section */

/* Begin PBXSourcesBuildPhase section */
		FC55327F1FA5524B007D7E20 /* Sources */ = {
			isa = PBXSourcesBuildPhase;
			buildActionMask = 2147483647;
			files = (
				FC5532891FA5524B007D7E20 /* RootViewController.swift in Sources */,
				FC55328D1FA5524B007D7E20 /* ModelController.swift in Sources */,
				FC55328B1FA5524B007D7E20 /* DataViewController.swift in Sources */,
				FC5532871FA5524B007D7E20 /* AppDelegate.swift in Sources */,
			);
			runOnlyForDeploymentPostprocessing = 0;
		};
		FC5532971FA5524B007D7E20 /* Sources */ = {
			isa = PBXSourcesBuildPhase;
			buildActionMask = 2147483647;
			files = (
				FC5532A01FA5524B007D7E20 /* ArticulateTests.swift in Sources */,
			);
			runOnlyForDeploymentPostprocessing = 0;
		};
		FC5532A21FA5524B007D7E20 /* Sources */ = {
			isa = PBXSourcesBuildPhase;
			buildActionMask = 2147483647;
			files = (
				FC5532AB1FA5524B007D7E20 /* ArticulateUITests.swift in Sources */,
			);
			runOnlyForDeploymentPostprocessing = 0;
		};
/* End PBXSourcesBuildPhase section */

/* Begin PBXTargetDependency section */
		FC55329D1FA5524B007D7E20 /* PBXTargetDependency */ = {
			isa = PBXTargetDependency;
			target = FC5532821FA5524B007D7E20 /* Articulate */;
			targetProxy = FC55329C1FA5524B007D7E20 /* PBXContainerItemProxy */;
		};
		FC5532A81FA5524B007D7E20 /* PBXTargetDependency */ = {
			isa = PBXTargetDependency;
			target = FC5532821FA5524B007D7E20 /* Articulate */;
			targetProxy = FC5532A71FA5524B007D7E20 /* PBXContainerItemProxy */;
		};
/* End PBXTargetDependency section */

/* Begin PBXVariantGroup section */
		FC55328E1FA5524B007D7E20 /* Main.storyboard */ = {
			isa = PBXVariantGroup;
			children = (
				FC55328F1FA5524B007D7E20 /* Base */,
			);
			name = Main.storyboard;
			sourceTree = "<group>";
		};
		FC5532931FA5524B007D7E20 /* LaunchScreen.storyboard */ = {
			isa = PBXVariantGroup;
			children = (
				FC5532941FA5524B007D7E20 /* Base */,
			);
			name = LaunchScreen.storyboard;
			sourceTree = "<group>";
		};
/* End PBXVariantGroup section */

/* Begin XCBuildConfiguration section */
		FC5532AD1FA5524B007D7E20 /* Debug */ = {
			isa = XCBuildConfiguration;
			buildSettings = {
				ALWAYS_SEARCH_USER_PATHS = NO;
				CLANG_ANALYZER_NONNULL = YES;
				CLANG_ANALYZER_NUMBER_OBJECT_CONVERSION = YES_AGGRESSIVE;
				CLANG_CXX_LANGUAGE_STANDARD = "gnu++14";
				CLANG_CXX_LIBRARY = "libc++";
				CLANG_ENABLE_MODULES = YES;
				CLANG_ENABLE_OBJC_ARC = YES;
				CLANG_WARN_BLOCK_CAPTURE_AUTORELEASING = YES;
				CLANG_WARN_BOOL_CONVERSION = YES;
				CLANG_WARN_COMMA = YES;
				CLANG_WARN_CONSTANT_CONVERSION = YES;
				CLANG_WARN_DIRECT_OBJC_ISA_USAGE = YES_ERROR;
				CLANG_WARN_DOCUMENTATION_COMMENTS = YES;
				CLANG_WARN_EMPTY_BODY = YES;
				CLANG_WARN_ENUM_CONVERSION = YES;
				CLANG_WARN_INFINITE_RECURSION = YES;
				CLANG_WARN_INT_CONVERSION = YES;
				CLANG_WARN_NON_LITERAL_NULL_CONVERSION = YES;
				CLANG_WARN_OBJC_LITERAL_CONVERSION = YES;
				CLANG_WARN_OBJC_ROOT_CLASS = YES_ERROR;
				CLANG_WARN_RANGE_LOOP_ANALYSIS = YES;
				CLANG_WARN_STRICT_PROTOTYPES = YES;
				CLANG_WARN_SUSPICIOUS_MOVE = YES;
				CLANG_WARN_UNGUARDED_AVAILABILITY = YES_AGGRESSIVE;
				CLANG_WARN_UNREACHABLE_CODE = YES;
				CLANG_WARN__DUPLICATE_METHOD_MATCH = YES;
				CODE_SIGN_IDENTITY = "iPhone Developer";
				COPY_PHASE_STRIP = NO;
				DEBUG_INFORMATION_FORMAT = dwarf;
				ENABLE_STRICT_OBJC_MSGSEND = YES;
				ENABLE_TESTABILITY = YES;
				GCC_C_LANGUAGE_STANDARD = gnu11;
				GCC_DYNAMIC_NO_PIC = NO;
				GCC_NO_COMMON_BLOCKS = YES;
				GCC_OPTIMIZATION_LEVEL = 0;
				GCC_PREPROCESSOR_DEFINITIONS = (
					"DEBUG=1",
					"$(inherited)",
				);
				GCC_WARN_64_TO_32_BIT_CONVERSION = YES;
				GCC_WARN_ABOUT_RETURN_TYPE = YES_ERROR;
				GCC_WARN_UNDECLARED_SELECTOR = YES;
				GCC_WARN_UNINITIALIZED_AUTOS = YES_AGGRESSIVE;
				GCC_WARN_UNUSED_FUNCTION = YES;
				GCC_WARN_UNUSED_VARIABLE = YES;
				IPHONEOS_DEPLOYMENT_TARGET = 11.0;
				MTL_ENABLE_DEBUG_INFO = YES;
				ONLY_ACTIVE_ARCH = YES;
				SDKROOT = iphoneos;
				SWIFT_ACTIVE_COMPILATION_CONDITIONS = DEBUG;
				SWIFT_OPTIMIZATION_LEVEL = "-Onone";
			};
			name = Debug;
		};
		FC5532AE1FA5524B007D7E20 /* Release */ = {
			isa = XCBuildConfiguration;
			buildSettings = {
				ALWAYS_SEARCH_USER_PATHS = NO;
				CLANG_ANALYZER_NONNULL = YES;
				CLANG_ANALYZER_NUMBER_OBJECT_CONVERSION = YES_AGGRESSIVE;
				CLANG_CXX_LANGUAGE_STANDARD = "gnu++14";
				CLANG_CXX_LIBRARY = "libc++";
				CLANG_ENABLE_MODULES = YES;
				CLANG_ENABLE_OBJC_ARC = YES;
				CLANG_WARN_BLOCK_CAPTURE_AUTORELEASING = YES;
				CLANG_WARN_BOOL_CONVERSION = YES;
				CLANG_WARN_COMMA = YES;
				CLANG_WARN_CONSTANT_CONVERSION = YES;
				CLANG_WARN_DIRECT_OBJC_ISA_USAGE = YES_ERROR;
				CLANG_WARN_DOCUMENTATION_COMMENTS = YES;
				CLANG_WARN_EMPTY_BODY = YES;
				CLANG_WARN_ENUM_CONVERSION = YES;
				CLANG_WARN_INFINITE_RECURSION = YES;
				CLANG_WARN_INT_CONVERSION = YES;
				CLANG_WARN_NON_LITERAL_NULL_CONVERSION = YES;
				CLANG_WARN_OBJC_LITERAL_CONVERSION = YES;
				CLANG_WARN_OBJC_ROOT_CLASS = YES_ERROR;
				CLANG_WARN_RANGE_LOOP_ANALYSIS = YES;
				CLANG_WARN_STRICT_PROTOTYPES = YES;
				CLANG_WARN_SUSPICIOUS_MOVE = YES;
				CLANG_WARN_UNGUARDED_AVAILABILITY = YES_AGGRESSIVE;
				CLANG_WARN_UNREACHABLE_CODE = YES;
				CLANG_WARN__DUPLICATE_METHOD_MATCH = YES;
				CODE_SIGN_IDENTITY = "iPhone Developer";
				COPY_PHASE_STRIP = NO;
				DEBUG_INFORMATION_FORMAT = "dwarf-with-dsym";
				ENABLE_NS_ASSERTIONS = NO;
				ENABLE_STRICT_OBJC_MSGSEND = YES;
				GCC_C_LANGUAGE_STANDARD = gnu11;
				GCC_NO_COMMON_BLOCKS = YES;
				GCC_WARN_64_TO_32_BIT_CONVERSION = YES;
				GCC_WARN_ABOUT_RETURN_TYPE = YES_ERROR;
				GCC_WARN_UNDECLARED_SELECTOR = YES;
				GCC_WARN_UNINITIALIZED_AUTOS = YES_AGGRESSIVE;
				GCC_WARN_UNUSED_FUNCTION = YES;
				GCC_WARN_UNUSED_VARIABLE = YES;
				IPHONEOS_DEPLOYMENT_TARGET = 11.0;
				MTL_ENABLE_DEBUG_INFO = NO;
				SDKROOT = iphoneos;
				SWIFT_OPTIMIZATION_LEVEL = "-Owholemodule";
				VALIDATE_PRODUCT = YES;
			};
			name = Release;
		};
		FC5532B01FA5524B007D7E20 /* Debug */ = {
			isa = XCBuildConfiguration;
			buildSettings = {
				ASSETCATALOG_COMPILER_APPICON_NAME = AppIcon;
				CODE_SIGN_STYLE = Automatic;
				DEVELOPMENT_TEAM = RBHTN68AC4;
				INFOPLIST_FILE = Articulate/Info.plist;
				LD_RUNPATH_SEARCH_PATHS = "$(inherited) @executable_path/Frameworks";
				PRODUCT_BUNDLE_IDENTIFIER = Articulate.Articulate;
				PRODUCT_NAME = "$(TARGET_NAME)";
				SWIFT_VERSION = 4.0;
				TARGETED_DEVICE_FAMILY = "1,2";
			};
			name = Debug;
		};
		FC5532B11FA5524B007D7E20 /* Release */ = {
			isa = XCBuildConfiguration;
			buildSettings = {
				ASSETCATALOG_COMPILER_APPICON_NAME = AppIcon;
				CODE_SIGN_STYLE = Automatic;
				DEVELOPMENT_TEAM = RBHTN68AC4;
				INFOPLIST_FILE = Articulate/Info.plist;
				LD_RUNPATH_SEARCH_PATHS = "$(inherited) @executable_path/Frameworks";
				PRODUCT_BUNDLE_IDENTIFIER = Articulate.Articulate;
				PRODUCT_NAME = "$(TARGET_NAME)";
				SWIFT_VERSION = 4.0;
				TARGETED_DEVICE_FAMILY = "1,2";
			};
			name = Release;
		};
		FC5532B31FA5524B007D7E20 /* Debug */ = {
			isa = XCBuildConfiguration;
			buildSettings = {
				ALWAYS_EMBED_SWIFT_STANDARD_LIBRARIES = YES;
				BUNDLE_LOADER = "$(TEST_HOST)";
				CODE_SIGN_STYLE = Automatic;
				DEVELOPMENT_TEAM = RBHTN68AC4;
				INFOPLIST_FILE = ArticulateTests/Info.plist;
				LD_RUNPATH_SEARCH_PATHS = "$(inherited) @executable_path/Frameworks @loader_path/Frameworks";
				PRODUCT_BUNDLE_IDENTIFIER = Articulate.ArticulateTests;
				PRODUCT_NAME = "$(TARGET_NAME)";
				SWIFT_VERSION = 4.0;
				TARGETED_DEVICE_FAMILY = "1,2";
				TEST_HOST = "$(BUILT_PRODUCTS_DIR)/Articulate.app/Articulate";
			};
			name = Debug;
		};
		FC5532B41FA5524B007D7E20 /* Release */ = {
			isa = XCBuildConfiguration;
			buildSettings = {
				ALWAYS_EMBED_SWIFT_STANDARD_LIBRARIES = YES;
				BUNDLE_LOADER = "$(TEST_HOST)";
				CODE_SIGN_STYLE = Automatic;
				DEVELOPMENT_TEAM = RBHTN68AC4;
				INFOPLIST_FILE = ArticulateTests/Info.plist;
				LD_RUNPATH_SEARCH_PATHS = "$(inherited) @executable_path/Frameworks @loader_path/Frameworks";
				PRODUCT_BUNDLE_IDENTIFIER = Articulate.ArticulateTests;
				PRODUCT_NAME = "$(TARGET_NAME)";
				SWIFT_VERSION = 4.0;
				TARGETED_DEVICE_FAMILY = "1,2";
				TEST_HOST = "$(BUILT_PRODUCTS_DIR)/Articulate.app/Articulate";
			};
			name = Release;
		};
		FC5532B61FA5524B007D7E20 /* Debug */ = {
			isa = XCBuildConfiguration;
			buildSettings = {
				ALWAYS_EMBED_SWIFT_STANDARD_LIBRARIES = YES;
				CODE_SIGN_STYLE = Automatic;
				DEVELOPMENT_TEAM = RBHTN68AC4;
				INFOPLIST_FILE = ArticulateUITests/Info.plist;
				LD_RUNPATH_SEARCH_PATHS = "$(inherited) @executable_path/Frameworks @loader_path/Frameworks";
				PRODUCT_BUNDLE_IDENTIFIER = Articulate.ArticulateUITests;
				PRODUCT_NAME = "$(TARGET_NAME)";
				SWIFT_VERSION = 4.0;
				TARGETED_DEVICE_FAMILY = "1,2";
				TEST_TARGET_NAME = Articulate;
			};
			name = Debug;
		};
		FC5532B71FA5524B007D7E20 /* Release */ = {
			isa = XCBuildConfiguration;
			buildSettings = {
				ALWAYS_EMBED_SWIFT_STANDARD_LIBRARIES = YES;
				CODE_SIGN_STYLE = Automatic;
				DEVELOPMENT_TEAM = RBHTN68AC4;
				INFOPLIST_FILE = ArticulateUITests/Info.plist;
				LD_RUNPATH_SEARCH_PATHS = "$(inherited) @executable_path/Frameworks @loader_path/Frameworks";
				PRODUCT_BUNDLE_IDENTIFIER = Articulate.ArticulateUITests;
				PRODUCT_NAME = "$(TARGET_NAME)";
				SWIFT_VERSION = 4.0;
				TARGETED_DEVICE_FAMILY = "1,2";
				TEST_TARGET_NAME = Articulate;
			};
			name = Release;
		};
/* End XCBuildConfiguration section */

/* Begin XCConfigurationList section */
		FC55327E1FA5524B007D7E20 /* Build configuration list for PBXProject "Articulate" */ = {
			isa = XCConfigurationList;
			buildConfigurations = (
				FC5532AD1FA5524B007D7E20 /* Debug */,
				FC5532AE1FA5524B007D7E20 /* Release */,
			);
			defaultConfigurationIsVisible = 0;
			defaultConfigurationName = Release;
		};
		FC5532AF1FA5524B007D7E20 /* Build configuration list for PBXNativeTarget "Articulate" */ = {
			isa = XCConfigurationList;
			buildConfigurations = (
				FC5532B01FA5524B007D7E20 /* Debug */,
				FC5532B11FA5524B007D7E20 /* Release */,
			);
			defaultConfigurationIsVisible = 0;
			defaultConfigurationName = Release;
		};
		FC5532B21FA5524B007D7E20 /* Build configuration list for PBXNativeTarget "ArticulateTests" */ = {
			isa = XCConfigurationList;
			buildConfigurations = (
				FC5532B31FA5524B007D7E20 /* Debug */,
				FC5532B41FA5524B007D7E20 /* Release */,
			);
			defaultConfigurationIsVisible = 0;
			defaultConfigurationName = Release;
		};
		FC5532B51FA5524B007D7E20 /* Build configuration list for PBXNativeTarget "ArticulateUITests" */ = {
			isa = XCConfigurationList;
			buildConfigurations = (
				FC5532B61FA5524B007D7E20 /* Debug */,
				FC5532B71FA5524B007D7E20 /* Release */,
			);
			defaultConfigurationIsVisible = 0;
			defaultConfigurationName = Release;
		};
/* End XCConfigurationList section */
	};
	rootObject = FC55327B1FA5524B007D7E20 /* Project object */;
}
